// !$*UTF8*$!
{
	archiveVersion = 1;
	classes = {
	};
	objectVersion = 56;
	objects = {

/* Begin PBXBuildFile section */
		AA0000000000000000000001 /* CCUsageWidgetApp.swift in Sources */ = {isa = PBXBuildFile; fileRef = EE0000000000000000000001 /* CCUsageWidgetApp.swift */; };
		AA0000000000000000000002 /* ContentView.swift in Sources */ = {isa = PBXBuildFile; fileRef = EE0000000000000000000002 /* ContentView.swift */; };
		AA0000000000000000000003 /* Assets.xcassets in Resources */ = {isa = PBXBuildFile; fileRef = EE0000000000000000000004 /* Assets.xcassets */; };
		AA0000000000000000000004 /* CCUsageExtension.swift in Sources */ = {isa = PBXBuildFile; fileRef = FF0000000000000000000001 /* CCUsageExtension.swift */; };
		AA0000000000000000000005 /* Assets.xcassets in Resources */ = {isa = PBXBuildFile; fileRef = FF0000000000000000000003 /* Assets.xcassets */; };
		AA0000000000000000000006 /* CCUsageExtension.appex in Embed Foundation Extensions */ = {isa = PBXBuildFile; fileRef = FF0000000000000000000005 /* CCUsageExtension.appex */; settings = {ATTRIBUTES = (RemoveHeadersOnCopy, ); }; };
		AA0000000000000000000010 /* SharedModels.swift in Sources */ = {isa = PBXBuildFile; fileRef = EE0000000000000000000010 /* SharedModels.swift */; };
		AA0000000000000000000011 /* Theme.swift in Sources */ = {isa = PBXBuildFile; fileRef = EE0000000000000000000011 /* Theme.swift */; };
		AA0000000000000000000012 /* DataService.swift in Sources */ = {isa = PBXBuildFile; fileRef = EE0000000000000000000012 /* DataService.swift */; };
		AA0000000000000000000013 /* NotificationService.swift in Sources */ = {isa = PBXBuildFile; fileRef = EE0000000000000000000013 /* NotificationService.swift */; };
		AA0000000000000000000014 /* DashboardView.swift in Sources */ = {isa = PBXBuildFile; fileRef = EE0000000000000000000014 /* DashboardView.swift */; };
		AA0000000000000000000015 /* HistoryView.swift in Sources */ = {isa = PBXBuildFile; fileRef = EE0000000000000000000015 /* HistoryView.swift */; };
		AA0000000000000000000016 /* SettingsView.swift in Sources */ = {isa = PBXBuildFile; fileRef = EE0000000000000000000016 /* SettingsView.swift */; };
/* End PBXBuildFile section */

/* Begin PBXContainerItemProxy section */
		CC000000000000000000000A /* PBXContainerItemProxy */ = {
			isa = PBXContainerItemProxy;
			containerPortal = BB0000000000000000000001 /* Project object */;
			proxyType = 1;
			remoteGlobalIDString = DD0000000000000000000001;
			remoteInfo = CCUsageExtension;
		};
/* End PBXContainerItemProxy section */

/* Begin PBXCopyFilesBuildPhase section */
		CC0000000000000000000008 /* Embed Foundation Extensions */ = {
			isa = PBXCopyFilesBuildPhase;
			buildActionMask = 2147483647;
			dstPath = "";
			dstSubfolderSpec = 13;
			files = (
				AA0000000000000000000006 /* CCUsageExtension.appex in Embed Foundation Extensions */,
			);
			name = "Embed Foundation Extensions";
			runOnlyForDeploymentPostprocessing = 0;
		};
/* End PBXCopyFilesBuildPhase section */

/* Begin PBXFileReference section */
		EE0000000000000000000001 /* CCUsageWidgetApp.swift */ = {isa = PBXFileReference; lastKnownFileType = sourcecode.swift; path = CCUsageWidgetApp.swift; sourceTree = "<group>"; };
		EE0000000000000000000002 /* ContentView.swift */ = {isa = PBXFileReference; lastKnownFileType = sourcecode.swift; path = ContentView.swift; sourceTree = "<group>"; };
		EE0000000000000000000003 /* CCUsageWidgetApp.entitlements */ = {isa = PBXFileReference; lastKnownFileType = text.plist.entitlements; path = CCUsageWidgetApp.entitlements; sourceTree = "<group>"; };
		EE0000000000000000000004 /* Assets.xcassets */ = {isa = PBXFileReference; lastKnownFileType = folder.assetcatalog; path = Assets.xcassets; sourceTree = "<group>"; };
		EE0000000000000000000005 /* CCUsageWidgetApp.app */ = {isa = PBXFileReference; explicitFileType = wrapper.application; includeInIndex = 0; path = CCUsageWidgetApp.app; sourceTree = BUILT_PRODUCTS_DIR; };
		EE0000000000000000000010 /* SharedModels.swift */ = {isa = PBXFileReference; lastKnownFileType = sourcecode.swift; path = SharedModels.swift; sourceTree = "<group>"; };
		EE0000000000000000000011 /* Theme.swift */ = {isa = PBXFileReference; lastKnownFileType = sourcecode.swift; path = Theme.swift; sourceTree = "<group>"; };
		EE0000000000000000000012 /* DataService.swift */ = {isa = PBXFileReference; lastKnownFileType = sourcecode.swift; path = DataService.swift; sourceTree = "<group>"; };
		EE0000000000000000000013 /* NotificationService.swift */ = {isa = PBXFileReference; lastKnownFileType = sourcecode.swift; path = NotificationService.swift; sourceTree = "<group>"; };
		EE0000000000000000000014 /* DashboardView.swift */ = {isa = PBXFileReference; lastKnownFileType = sourcecode.swift; path = DashboardView.swift; sourceTree = "<group>"; };
		EE0000000000000000000015 /* HistoryView.swift */ = {isa = PBXFileReference; lastKnownFileType = sourcecode.swift; path = HistoryView.swift; sourceTree = "<group>"; };
		EE0000000000000000000016 /* SettingsView.swift */ = {isa = PBXFileReference; lastKnownFileType = sourcecode.swift; path = SettingsView.swift; sourceTree = "<group>"; };
		FF0000000000000000000001 /* CCUsageExtension.swift */ = {isa = PBXFileReference; lastKnownFileType = sourcecode.swift; path = CCUsageExtension.swift; sourceTree = "<group>"; };
		FF0000000000000000000002 /* CCUsageExtension.entitlements */ = {isa = PBXFileReference; lastKnownFileType = text.plist.entitlements; path = CCUsageExtension.entitlements; sourceTree = "<group>"; };
		FF0000000000000000000003 /* Assets.xcassets */ = {isa = PBXFileReference; lastKnownFileType = folder.assetcatalog; path = Assets.xcassets; sourceTree = "<group>"; };
		FF0000000000000000000004 /* Info.plist */ = {isa = PBXFileReference; lastKnownFileType = text.plist.xml; path = Info.plist; sourceTree = "<group>"; };
		FF0000000000000000000005 /* CCUsageExtension.appex */ = {isa = PBXFileReference; explicitFileType = "wrapper.app-extension"; includeInIndex = 0; path = CCUsageExtension.appex; sourceTree = BUILT_PRODUCTS_DIR; };
/* End PBXFileReference section */

/* Begin PBXFrameworksBuildPhase section */
		CC0000000000000000000007 /* Frameworks */ = {
			isa = PBXFrameworksBuildPhase;
			buildActionMask = 2147483647;
			files = (
			);
			runOnlyForDeploymentPostprocessing = 0;
		};
		DD0000000000000000000007 /* Frameworks */ = {
			isa = PBXFrameworksBuildPhase;
			buildActionMask = 2147483647;
			files = (
			);
			runOnlyForDeploymentPostprocessing = 0;
		};
/* End PBXFrameworksBuildPhase section */

/* Begin PBXGroup section */
		BB0000000000000000000005 = {
			isa = PBXGroup;
			children = (
				BB0000000000000000000007 /* CCUsageWidgetApp */,
				BB0000000000000000000008 /* CCUsageExtension */,
				BB0000000000000000000006 /* Products */,
			);
			sourceTree = "<group>";
		};
		BB0000000000000000000006 /* Products */ = {
			isa = PBXGroup;
			children = (
				EE0000000000000000000005 /* CCUsageWidgetApp.app */,
				FF0000000000000000000005 /* CCUsageExtension.appex */,
			);
			name = Products;
			sourceTree = "<group>";
		};
		BB0000000000000000000007 /* CCUsageWidgetApp */ = {
			isa = PBXGroup;
			children = (
				EE0000000000000000000001 /* CCUsageWidgetApp.swift */,
				EE0000000000000000000010 /* SharedModels.swift */,
				EE0000000000000000000011 /* Theme.swift */,
				EE0000000000000000000012 /* DataService.swift */,
				EE0000000000000000000013 /* NotificationService.swift */,
				EE0000000000000000000002 /* ContentView.swift */,
				EE0000000000000000000014 /* DashboardView.swift */,
				EE0000000000000000000015 /* HistoryView.swift */,
				EE0000000000000000000016 /* SettingsView.swift */,
				EE0000000000000000000003 /* CCUsageWidgetApp.entitlements */,
				EE0000000000000000000004 /* Assets.xcassets */,
			);
			path = CCUsageWidgetApp;
			sourceTree = "<group>";
		};
		BB0000000000000000000008 /* CCUsageExtension */ = {
			isa = PBXGroup;
			children = (
				FF0000000000000000000001 /* CCUsageExtension.swift */,
				FF0000000000000000000002 /* CCUsageExtension.entitlements */,
				FF0000000000000000000003 /* Assets.xcassets */,
				FF0000000000000000000004 /* Info.plist */,
			);
			path = CCUsageExtension;
			sourceTree = "<group>";
		};
/* End PBXGroup section */

/* Begin PBXNativeTarget section */
		CC0000000000000000000001 /* CCUsageWidgetApp */ = {
			isa = PBXNativeTarget;
			buildConfigurationList = CC0000000000000000000002 /* Build configuration list for PBXNativeTarget "CCUsageWidgetApp" */;
			buildPhases = (
				CC0000000000000000000005 /* Sources */,
				CC0000000000000000000006 /* Resources */,
				CC0000000000000000000007 /* Frameworks */,
				CC0000000000000000000008 /* Embed Foundation Extensions */,
			);
			buildRules = (
			);
			dependencies = (
				CC0000000000000000000009 /* PBXTargetDependency */,
			);
			name = CCUsageWidgetApp;
			productName = CCUsageWidgetApp;
			productReference = EE0000000000000000000005 /* CCUsageWidgetApp.app */;
			productType = "com.apple.product-type.application";
		};
		DD0000000000000000000001 /* CCUsageExtension */ = {
			isa = PBXNativeTarget;
			buildConfigurationList = DD0000000000000000000002 /* Build configuration list for PBXNativeTarget "CCUsageExtension" */;
			buildPhases = (
				DD0000000000000000000005 /* Sources */,
				DD0000000000000000000006 /* Resources */,
				DD0000000000000000000007 /* Frameworks */,
			);
			buildRules = (
			);
			dependencies = (
			);
			name = CCUsageExtension;
			productName = CCUsageExtension;
			productReference = FF0000000000000000000005 /* CCUsageExtension.appex */;
			productType = "com.apple.product-type.app-extension";
		};
/* End PBXNativeTarget section */

/* Begin PBXProject section */
		BB0000000000000000000001 /* Project object */ = {
			isa = PBXProject;
			attributes = {
				BuildIndependentTargetsInParallel = 1;
				LastSwiftUpdateCheck = 1500;
				LastUpgradeCheck = 1500;
				TargetAttributes = {
					CC0000000000000000000001 = {
						CreatedOnToolsVersion = 15.0;
					};
					DD0000000000000000000001 = {
						CreatedOnToolsVersion = 15.0;
					};
				};
			};
			buildConfigurationList = BB0000000000000000000002 /* Build configuration list for PBXProject "CCUsageWidget" */;
			compatibilityVersion = "Xcode 14.0";
			developmentRegion = en;
			hasScannedForEncodings = 0;
			knownRegions = (
				en,
				Base,
			);
			mainGroup = BB0000000000000000000005;
			productRefGroup = BB0000000000000000000006 /* Products */;
			projectDirPath = "";
			projectRoot = "";
			targets = (
				CC0000000000000000000001 /* CCUsageWidgetApp */,
				DD0000000000000000000001 /* CCUsageExtension */,
			);
		};
/* End PBXProject section */

/* Begin PBXResourcesBuildPhase section */
		CC0000000000000000000006 /* Resources */ = {
			isa = PBXResourcesBuildPhase;
			buildActionMask = 2147483647;
			files = (
				AA0000000000000000000003 /* Assets.xcassets in Resources */,
			);
			runOnlyForDeploymentPostprocessing = 0;
		};
		DD0000000000000000000006 /* Resources */ = {
			isa = PBXResourcesBuildPhase;
			buildActionMask = 2147483647;
			files = (
				AA0000000000000000000005 /* Assets.xcassets in Resources */,
			);
			runOnlyForDeploymentPostprocessing = 0;
		};
/* End PBXResourcesBuildPhase section */

/* Begin PBXSourcesBuildPhase section */
		CC0000000000000000000005 /* Sources */ = {
			isa = PBXSourcesBuildPhase;
			buildActionMask = 2147483647;
			files = (
				AA0000000000000000000001 /* CCUsageWidgetApp.swift in Sources */,
				AA0000000000000000000010 /* SharedModels.swift in Sources */,
				AA0000000000000000000011 /* Theme.swift in Sources */,
				AA0000000000000000000012 /* DataService.swift in Sources */,
				AA0000000000000000000013 /* NotificationService.swift in Sources */,
				AA0000000000000000000002 /* ContentView.swift in Sources */,
				AA0000000000000000000014 /* DashboardView.swift in Sources */,
				AA0000000000000000000015 /* HistoryView.swift in Sources */,
				AA0000000000000000000016 /* SettingsView.swift in Sources */,
			);
			runOnlyForDeploymentPostprocessing = 0;
		};
		DD0000000000000000000005 /* Sources */ = {
			isa = PBXSourcesBuildPhase;
			buildActionMask = 2147483647;
			files = (
				AA0000000000000000000004 /* CCUsageExtension.swift in Sources */,
			);
			runOnlyForDeploymentPostprocessing = 0;
		};
/* End PBXSourcesBuildPhase section */

/* Begin PBXTargetDependency section */
		CC0000000000000000000009 /* PBXTargetDependency */ = {
			isa = PBXTargetDependency;
			target = DD0000000000000000000001 /* CCUsageExtension */;
			targetProxy = CC000000000000000000000A /* PBXContainerItemProxy */;
		};
/* End PBXTargetDependency section */

/* Begin XCBuildConfiguration section */
		BB0000000000000000000003 /* Debug */ = {
			isa = XCBuildConfiguration;
			buildSettings = {
				ALWAYS_SEARCH_USER_PATHS = NO;
				CLANG_ENABLE_MODULES = YES;
				CLANG_ENABLE_OBJC_ARC = YES;
				COPY_PHASE_STRIP = NO;
				DEBUG_INFORMATION_FORMAT = dwarf;
				ENABLE_TESTABILITY = YES;
				GCC_DYNAMIC_NO_PIC = NO;
				GCC_NO_COMMON_BLOCKS = YES;
				GCC_OPTIMIZATION_LEVEL = 0;
				GCC_PREPROCESSOR_DEFINITIONS = (
					"DEBUG=1",
					"$(inherited)",
				);
				GCC_WARN_ABOUT_RETURN_TYPE = YES_ERROR;
				GCC_WARN_UNUSED_VARIABLE = YES;
				IPHONEOS_DEPLOYMENT_TARGET = 17.0;
				MTL_ENABLE_DEBUG_INFO = INCLUDE_SOURCE;
				MTL_FAST_MATH = YES;
				ONLY_ACTIVE_ARCH = YES;
				SDKROOT = iphoneos;
				SWIFT_ACTIVE_COMPILATION_CONDITIONS = DEBUG;
				SWIFT_OPTIMIZATION_LEVEL = "-Onone";
			};
			name = Debug;
		};
		BB0000000000000000000004 /* Release */ = {
			isa = XCBuildConfiguration;
			buildSettings = {
				ALWAYS_SEARCH_USER_PATHS = NO;
				CLANG_ENABLE_MODULES = YES;
				CLANG_ENABLE_OBJC_ARC = YES;
				COPY_PHASE_STRIP = NO;
				DEBUG_INFORMATION_FORMAT = "dwarf-with-dsym";
				ENABLE_NS_ASSERTIONS = NO;
				GCC_NO_COMMON_BLOCKS = YES;
				GCC_WARN_ABOUT_RETURN_TYPE = YES_ERROR;
				GCC_WARN_UNUSED_VARIABLE = YES;
				IPHONEOS_DEPLOYMENT_TARGET = 17.0;
				MTL_FAST_MATH = YES;
				SDKROOT = iphoneos;
				SWIFT_COMPILATION_MODE = wholemodule;
				SWIFT_OPTIMIZATION_LEVEL = "-O";
				VALIDATE_PRODUCT = YES;
			};
			name = Release;
		};
		CC0000000000000000000003 /* Debug */ = {
			isa = XCBuildConfiguration;
			buildSettings = {
				ASSETCATALOG_COMPILER_APPICON_NAME = AppIcon;
				CODE_SIGN_ENTITLEMENTS = CCUsageWidgetApp/CCUsageWidgetApp.entitlements;
				CODE_SIGN_IDENTITY = "Apple Development";
				CODE_SIGN_STYLE = Automatic;
				CURRENT_PROJECT_VERSION = 1;
				DEVELOPMENT_TEAM = 33TVZ53MZ2;
				GENERATE_INFOPLIST_FILE = YES;
				INFOPLIST_KEY_LSApplicationCategoryType = "public.app-category.utilities";
				INFOPLIST_KEY_UIApplicationSceneManifest_Generation = YES;
				INFOPLIST_KEY_NSCameraUsageDescription = "CCUsage needs camera access to scan the QR code from your Mac.";
				INFOPLIST_KEY_UIApplicationSupportsIndirectInputEvents = YES;
				INFOPLIST_KEY_UILaunchScreen_Generation = YES;
				INFOPLIST_KEY_UISupportedInterfaceOrientations_iPhone = "UIInterfaceOrientationPortrait UIInterfaceOrientationLandscapeLeft UIInterfaceOrientationLandscapeRight";
				IPHONEOS_DEPLOYMENT_TARGET = 17.0;
				LD_RUNPATH_SEARCH_PATHS = (
					"$(inherited)",
					"@executable_path/Frameworks",
				);
				MARKETING_VERSION = 1.0;
				PRODUCT_BUNDLE_IDENTIFIER = "com.viktorsvirsky.ccusage-widget";
				PRODUCT_NAME = "$(TARGET_NAME)";
				PROVISIONING_PROFILE_SPECIFIER = "";
				SWIFT_EMIT_LOC_STRINGS = YES;
				SWIFT_VERSION = 5.0;
				TARGETED_DEVICE_FAMILY = "1,2";
			};
			name = Debug;
		};
		CC0000000000000000000004 /* Release */ = {
			isa = XCBuildConfiguration;
			buildSettings = {
				ASSETCATALOG_COMPILER_APPICON_NAME = AppIcon;
				CODE_SIGN_ENTITLEMENTS = CCUsageWidgetApp/CCUsageWidgetApp.entitlements;
				CODE_SIGN_IDENTITY = "Apple Development";
				CODE_SIGN_STYLE = Automatic;
				CURRENT_PROJECT_VERSION = 1;
				DEVELOPMENT_TEAM = 33TVZ53MZ2;
				GENERATE_INFOPLIST_FILE = YES;
				INFOPLIST_KEY_LSApplicationCategoryType = "public.app-category.utilities";
				INFOPLIST_KEY_UIApplicationSceneManifest_Generation = YES;
				INFOPLIST_KEY_NSCameraUsageDescription = "CCUsage needs camera access to scan the QR code from your Mac.";
				INFOPLIST_KEY_UIApplicationSupportsIndirectInputEvents = YES;
				INFOPLIST_KEY_UILaunchScreen_Generation = YES;
				INFOPLIST_KEY_UISupportedInterfaceOrientations_iPhone = "UIInterfaceOrientationPortrait UIInterfaceOrientationLandscapeLeft UIInterfaceOrientationLandscapeRight";
				IPHONEOS_DEPLOYMENT_TARGET = 17.0;
				LD_RUNPATH_SEARCH_PATHS = (
					"$(inherited)",
					"@executable_path/Frameworks",
				);
				MARKETING_VERSION = 1.0;
				PRODUCT_BUNDLE_IDENTIFIER = "com.viktorsvirsky.ccusage-widget";
				PRODUCT_NAME = "$(TARGET_NAME)";
				PROVISIONING_PROFILE_SPECIFIER = "";
				SWIFT_EMIT_LOC_STRINGS = YES;
				SWIFT_VERSION = 5.0;
				TARGETED_DEVICE_FAMILY = "1,2";
			};
			name = Release;
		};
		DD0000000000000000000003 /* Debug */ = {
			isa = XCBuildConfiguration;
			buildSettings = {
				ASSETCATALOG_COMPILER_APPICON_NAME = AppIcon;
				CODE_SIGN_ENTITLEMENTS = CCUsageExtension/CCUsageExtension.entitlements;
				CODE_SIGN_STYLE = Automatic;
				CURRENT_PROJECT_VERSION = 1;
				DEVELOPMENT_TEAM = 33TVZ53MZ2;
				GENERATE_INFOPLIST_FILE = NO;
				INFOPLIST_FILE = CCUsageExtension/Info.plist;
				IPHONEOS_DEPLOYMENT_TARGET = 17.0;
				LD_RUNPATH_SEARCH_PATHS = (
					"$(inherited)",
					"@executable_path/Frameworks",
					"@executable_path/../../Frameworks",
				);
				MARKETING_VERSION = 1.0;
				PRODUCT_BUNDLE_IDENTIFIER = "com.viktorsvirsky.ccusage-widget.extension";
				PRODUCT_NAME = "$(TARGET_NAME)";
				SKIP_INSTALL = YES;
				SWIFT_EMIT_LOC_STRINGS = YES;
				SWIFT_VERSION = 5.0;
				TARGETED_DEVICE_FAMILY = "1,2";
			};
			name = Debug;
		};
		DD0000000000000000000004 /* Release */ = {
			isa = XCBuildConfiguration;
			buildSettings = {
				ASSETCATALOG_COMPILER_APPICON_NAME = AppIcon;
				CODE_SIGN_ENTITLEMENTS = CCUsageExtension/CCUsageExtension.entitlements;
				CODE_SIGN_STYLE = Automatic;
				CURRENT_PROJECT_VERSION = 1;
				DEVELOPMENT_TEAM = 33TVZ53MZ2;
				GENERATE_INFOPLIST_FILE = NO;
				INFOPLIST_FILE = CCUsageExtension/Info.plist;
				IPHONEOS_DEPLOYMENT_TARGET = 17.0;
				LD_RUNPATH_SEARCH_PATHS = (
					"$(inherited)",
					"@executable_path/Frameworks",
					"@executable_path/../../Frameworks",
				);
				MARKETING_VERSION = 1.0;
				PRODUCT_BUNDLE_IDENTIFIER = "com.viktorsvirsky.ccusage-widget.extension";
				PRODUCT_NAME = "$(TARGET_NAME)";
				SKIP_INSTALL = YES;
				SWIFT_EMIT_LOC_STRINGS = YES;
				SWIFT_VERSION = 5.0;
				TARGETED_DEVICE_FAMILY = "1,2";
			};
			name = Release;
		};
/* End XCBuildConfiguration section */

/* Begin XCConfigurationList section */
		BB0000000000000000000002 /* Build configuration list for PBXProject "CCUsageWidget" */ = {
			isa = XCConfigurationList;
			buildConfigurations = (
				BB0000000000000000000003 /* Debug */,
				BB0000000000000000000004 /* Release */,
			);
			defaultConfigurationIsVisible = 0;
			defaultConfigurationName = Release;
		};
		CC0000000000000000000002 /* Build configuration list for PBXNativeTarget "CCUsageWidgetApp" */ = {
			isa = XCConfigurationList;
			buildConfigurations = (
				CC0000000000000000000003 /* Debug */,
				CC0000000000000000000004 /* Release */,
			);
			defaultConfigurationIsVisible = 0;
			defaultConfigurationName = Release;
		};
		DD0000000000000000000002 /* Build configuration list for PBXNativeTarget "CCUsageExtension" */ = {
			isa = XCConfigurationList;
			buildConfigurations = (
				DD0000000000000000000003 /* Debug */,
				DD0000000000000000000004 /* Release */,
			);
			defaultConfigurationIsVisible = 0;
			defaultConfigurationName = Release;
		};
/* End XCConfigurationList section */
	};
	rootObject = BB0000000000000000000001 /* Project object */;
}
